dependencies:
  react: registry.npmjs.org/react/17.0.1
lockfileVersion: 5.1
packages:
  registry.npmjs.org/js-tokens/4.0.0:
    dev: false
    name: js-tokens
    resolution:
      integrity: sha512-RdJUflcE3cUzKiMqQgsCu06FPu9UdIJO0beYbPhHN4k6apgJtifcoCtT9bcxOpYBtpD2kCM6Sbzg4CausW/PKQ==
      registry: 'https://node.bit.dev/'
      tarball: 'https://registry.npmjs.org/js-tokens/-/js-tokens-4.0.0.tgz'
    version: 4.0.0
  registry.npmjs.org/loose-envify/1.4.0:
    dependencies:
      js-tokens: registry.npmjs.org/js-tokens/4.0.0
    dev: false
    hasBin: true
    name: loose-envify
    resolution:
      integrity: sha512-lyuxPGr/Wfhrlem2CL/UcnUc1zcqKAImBDzukY7Y5F/yQiNdko6+fRLevlw1HgMySw7f611UIY408EtxRSoK3Q==
      registry: 'https://node.bit.dev/'
      tarball: 'https://registry.npmjs.org/loose-envify/-/loose-envify-1.4.0.tgz'
    version: 1.4.0
  registry.npmjs.org/object-assign/4.1.1:
    dev: false
    engines:
      node: '>=0.10.0'
    name: object-assign
    resolution:
      integrity: sha1-IQmtx5ZYh8/AXLvUQsrIv7s2CGM=
      registry: 'https://node.bit.dev/'
      tarball: 'https://registry.npmjs.org/object-assign/-/object-assign-4.1.1.tgz'
    version: 4.1.1
  registry.npmjs.org/react/17.0.1:
    dependencies:
      loose-envify: registry.npmjs.org/loose-envify/1.4.0
      object-assign: registry.npmjs.org/object-assign/4.1.1
    dev: false
    engines:
      node: '>=0.10.0'
    name: react
    resolution:
      integrity: sha512-lG9c9UuMHdcAexXtigOZLX8exLWkW0Ku29qPRU8uhF2R9BN96dLCt0psvzPLlHc5OWkgymP3qwTRgbnw5BKx3w==
      registry: 'https://node.bit.dev/'
      tarball: 'https://registry.npmjs.org/react/-/react-17.0.1.tgz'
    version: 17.0.1
specifiers:
  react: 17.0.1
